
Microsoft Visual Studio Solution File, Format Version 12.00
# Visual Studio Version 17
VisualStudioVersion = 17.1.32210.238
MinimumVisualStudioVersion = 10.0.40219.1
Project("{FAE04EC0-301F-11D3-BF4B-00C04F79EFBC}") = "Portafolio", "Portafolio\Portafolio.csproj", "{9B55BCA4-91ED-4ECE-BAC4-AE6E0EFC2B2C}"
EndProject
Global
	GlobalSection(SolutionConfigurationPlatforms) = preSolution
		Debug|Any CPU = Debug|Any CPU
		Release|Any CPU = Release|Any CPU
	EndGlobalSection
	GlobalSection(ProjectConfigurationPlatforms) = postSolution
		{9B55BCA4-91ED-4ECE-BAC4-AE6E0EFC2B2C}.Debug|Any CPU.ActiveCfg = Debug|Any CPU
		{9B55BCA4-91ED-4ECE-BAC4-AE6E0EFC2B2C}.Debug|Any CPU.Build.0 = Debug|Any CPU
		{9B55BCA4-91ED-4ECE-BAC4-AE6E0EFC2B2C}.Release|Any CPU.ActiveCfg = Release|Any CPU
		{9B55BCA4-91ED-4ECE-BAC4-AE6E0EFC2B2C}.Release|Any CPU.Build.0 = Release|Any CPU
	EndGlobalSection
	GlobalSection(SolutionProperties) = preSolution
		HideSolutionNode = FALSE
	EndGlobalSection
	GlobalSection(ExtensibilityGlobals) = postSolution
		SolutionGuid = {40A0F1B7-879F-4C8A-B7D5-3EA6E07F9EF9}
	EndGlobalSection
EndGlobal
